lockfileVersion: '9.0'

settings:
  autoInstallPeers: true
  excludeLinksFromLockfile: false

importers:

  .:
    devDependencies:
      '@gplassard/projen-extensions':
        specifier: ^0.1.79
        version: 0.1.79(constructs@10.8.1)(projen@0.103.27(constructs@10.8.1))
      projen:
        specifier: ^0.103.27
        version: 0.103.27(constructs@10.8.1)

packages:

  '@gplassard/projen-extensions@0.1.79':
    resolution: {integrity: sha512-Pb71sCf0Sa2cAAGmqXUOLcnzwGLBD1UPQUVQ1yQL1ROBkdUvPOL7mbhgT6aKsFIltovOlj8POFHz6iFFCuKp0g==, tarball: https://npm.pkg.github.com/download/@gplassard/projen-extensions/0.1.79/98112331bbabee806a4a7c5e1f6f6cfb077b213b}
    peerDependencies:
      constructs: ^10.8.1
      projen: ^0.103.27

  constructs@10.8.1:
    resolution: {integrity: sha512-98yGXYyhePqPYh3cYu8nzBERmAhC0DONe3UD03okK0nehZ7hYP4wgZuf02a04+uOWxnTJ5Rpp5m0GRNpwyLGGA==}

  projen@0.103.27:
    resolution: {integrity: sha512-dtcvFZOIhQ+AYOeOhSDSReKCgcYbrAFsKZMM+JzlA9v0icegQAolZDHhdNTDaSYODfRSgVzE+U/B2jfdImSsNQ==}
    engines: {node: '>= 16.0.0'}
    hasBin: true
    peerDependencies:
      constructs: ^10.5.0
    bundledDependencies:
      - '@iarna/toml'
      - case
      - chalk
      - comment-json
      - conventional-changelog-config-spec
      - dax
      - fast-glob
      - fast-json-patch
      - ini
      - parse-conflict-json
      - properties-file
      - semver
      - xmlbuilder2
      - yaml
      - yargs

snapshots:

  '@gplassard/projen-extensions@0.1.79(constructs@10.8.1)(projen@0.103.27(constructs@10.8.1))':
    dependencies:
      constructs: 10.8.1
      projen: 0.103.27(constructs@10.8.1)

  constructs@10.8.1: {}

  projen@0.103.27(constructs@10.8.1):
    dependencies:
      constructs: 10.8.1
