lockfileVersion: '9.0'

settings:
  autoInstallPeers: true
  excludeLinksFromLockfile: false

importers:

  .:
    devDependencies:
      '@gplassard/projen-extensions':
        specifier: ^0.1.47
        version: 0.1.47(constructs@10.4.4)(projen@0.99.52(constructs@10.4.4))
      projen:
        specifier: ^0.99.52
        version: 0.99.52(constructs@10.4.4)

packages:

  '@gplassard/projen-extensions@0.1.47':
    resolution: {integrity: sha512-EPcJzmI+/R9wTOtYfzKAc+fv3tBgKltxIkVgTn+v4Wao1vAkX34E/qx/oUIaB4OjZBFIpBEOmeOKPCQ4wVZNHA==, tarball: https://npm.pkg.github.com/download/@gplassard/projen-extensions/0.1.47/10554d63de7c5942272e15717c6e890a7822914f}
    peerDependencies:
      constructs: ^10.6.0
      projen: ^0.99.52

  constructs@10.4.4:
    resolution: {integrity: sha512-lP0qC1oViYf1cutHo9/KQ8QL637f/W29tDmv/6sy35F5zs+MD9f66nbAAIjicwc7fwyuF3rkg6PhZh4sfvWIpA==}

  projen@0.99.52:
    resolution: {integrity: sha512-LJA4NgNMpUzQLcrJ6tNFcQJu/YqD4KB4X2PGqXXCkcuroNnPY/sKEBxQOXh8TUbGO5NCqTgD1jAPrgN1NZibfQ==}
    engines: {node: '>= 16.0.0'}
    hasBin: true
    peerDependencies:
      constructs: ^10.0.0
    bundledDependencies:
      - '@iarna/toml'
      - case
      - chalk
      - comment-json
      - conventional-changelog-config-spec
      - fast-glob
      - fast-json-patch
      - ini
      - parse-conflict-json
      - semver
      - shx
      - xmlbuilder2
      - yaml
      - yargs

snapshots:

  '@gplassard/projen-extensions@0.1.47(constructs@10.4.4)(projen@0.99.52(constructs@10.4.4))':
    dependencies:
      constructs: 10.4.4
      projen: 0.99.52(constructs@10.4.4)

  constructs@10.4.4: {}

  projen@0.99.52(constructs@10.4.4):
    dependencies:
      constructs: 10.4.4
